
Microsoft Visual Studio Solution File, Format Version 12.00
# Visual Studio Version 17
VisualStudioVersion = 17.11.35327.3
MinimumVisualStudioVersion = 10.0.40219.1
Project("{FAE04EC0-301F-11D3-BF4B-00C04F79EFBC}") = "Text Editor", "Text Editor\Text Editor.csproj", "{94A80B19-9241-4884-A811-C4F0B44734CC}"
EndProject
Global
	GlobalSection(SolutionConfigurationPlatforms) = preSolution
		Debug|Any CPU = Debug|Any CPU
		Release|Any CPU = Release|Any CPU
	EndGlobalSection
	GlobalSection(ProjectConfigurationPlatforms) = postSolution
		{94A80B19-9241-4884-A811-C4F0B44734CC}.Debug|Any CPU.ActiveCfg = Debug|Any CPU
		{94A80B19-9241-4884-A811-C4F0B44734CC}.Debug|Any CPU.Build.0 = Debug|Any CPU
		{94A80B19-9241-4884-A811-C4F0B44734CC}.Release|Any CPU.ActiveCfg = Release|Any CPU
		{94A80B19-9241-4884-A811-C4F0B44734CC}.Release|Any CPU.Build.0 = Release|Any CPU
	EndGlobalSection
	GlobalSection(SolutionProperties) = preSolution
		HideSolutionNode = FALSE
	EndGlobalSection
	GlobalSection(ExtensibilityGlobals) = postSolution
		SolutionGuid = {1C99CF70-3A13-4FF3-975D-70A2531C98DE}
	EndGlobalSection
EndGlobal
